
Microsoft Visual Studio Solution File, Format Version 12.00
# Visual Studio Version 17
VisualStudioVersion = 17.14.36915.13 d17.14
MinimumVisualStudioVersion = 10.0.40219.1
Project("{FAE04EC0-301F-11D3-BF4B-00C04F79EFBC}") = "JesusBrowser", "JesusBrowser\JesusBrowser.csproj", "{7982965E-FA34-4E4E-8DEC-CD79B618399F}"
EndProject
Global
	GlobalSection(SolutionConfigurationPlatforms) = preSolution
		Debug|Any CPU = Debug|Any CPU
		Release|Any CPU = Release|Any CPU
	EndGlobalSection
	GlobalSection(ProjectConfigurationPlatforms) = postSolution
		{7982965E-FA34-4E4E-8DEC-CD79B618399F}.Debug|Any CPU.ActiveCfg = Debug|Any CPU
		{7982965E-FA34-4E4E-8DEC-CD79B618399F}.Debug|Any CPU.Build.0 = Debug|Any CPU
		{7982965E-FA34-4E4E-8DEC-CD79B618399F}.Release|Any CPU.ActiveCfg = Release|Any CPU
		{7982965E-FA34-4E4E-8DEC-CD79B618399F}.Release|Any CPU.Build.0 = Release|Any CPU
	EndGlobalSection
	GlobalSection(SolutionProperties) = preSolution
		HideSolutionNode = FALSE
	EndGlobalSection
	GlobalSection(ExtensibilityGlobals) = postSolution
		SolutionGuid = {767B58BC-DF9C-4C90-A618-E23FA90A6AD9}
	EndGlobalSection
EndGlobal
